{
  "name": "qazaqsha-dasturler",
  "lockfileVersion": 2,
  "requires": true,
  "packages": {
    "": {
      "dependencies": {
        "autotyping": "^1.2.6",
        "chicago.css": "^1.0.3"
      }
    },
    "node_modules/autotyping": {
      "version": "1.2.6",
      "resolved": "https://registry.npmjs.org/autotyping/-/autotyping-1.2.6.tgz",
      "integrity": "sha512-YSV6xEcs6A9Ngg12RvLSL8+kzP2wNz7NE9NEElsL+1QaPDjzCQXOtSuuMJjZF21GE1aXaMD6nYimMisQLwo7fA=="
    },
    "node_modules/chicago.css": {
      "version": "1.0.3",
      "resolved": "https://registry.npmjs.org/chicago.css/-/chicago.css-1.0.3.tgz",
      "integrity": "sha512-mD0fEFUW1jswN2qZkX0VXkgPgLaTZWQCXcchXYpmLPDBuhEGww7bcwVdRkjF/3HEUEF00/+SiF1tlE24gvJalg=="
    }
  },
  "dependencies": {
    "autotyping": {
      "version": "1.2.6",
      "resolved": "https://registry.npmjs.org/autotyping/-/autotyping-1.2.6.tgz",
      "integrity": "sha512-YSV6xEcs6A9Ngg12RvLSL8+kzP2wNz7NE9NEElsL+1QaPDjzCQXOtSuuMJjZF21GE1aXaMD6nYimMisQLwo7fA=="
    },
    "chicago.css": {
      "version": "1.0.3",
      "resolved": "https://registry.npmjs.org/chicago.css/-/chicago.css-1.0.3.tgz",
      "integrity": "sha512-mD0fEFUW1jswN2qZkX0VXkgPgLaTZWQCXcchXYpmLPDBuhEGww7bcwVdRkjF/3HEUEF00/+SiF1tlE24gvJalg=="
    }
  }
}
